// !$*UTF8*$!
{
	archiveVersion = 1;
	classes = {
	};
	objectVersion = 48;
	objects = {

/* Begin PBXBuildFile section */
		444ABF32240C0FDF00BD034E /* Charts.framework in Frameworks */ = {isa = PBXBuildFile; fileRef = 444ABF2F240C0FC500BD034E /* Charts.framework */; };
		444ABF33240C0FDF00BD034E /* Charts.framework in Embed Frameworks */ = {isa = PBXBuildFile; fileRef = 444ABF2F240C0FC500BD034E /* Charts.framework */; settings = {ATTRIBUTES = (CodeSignOnCopy, RemoveHeadersOnCopy, ); }; };
		44836A6D1FF17E6D00F731DC /* Utils.swift in Sources */ = {isa = PBXBuildFile; fileRef = 44836A6C1FF17E6D00F731DC /* Utils.swift */; };
		44B8DD941FE5722D006169B5 /* AppDelegate.swift in Sources */ = {isa = PBXBuildFile; fileRef = 44B8DD931FE5722D006169B5 /* AppDelegate.swift */; };
		44B8DD961FE5722D006169B5 /* RollViewController.swift in Sources */ = {isa = PBXBuildFile; fileRef = 44B8DD951FE5722D006169B5 /* RollViewController.swift */; };
		44B8DD981FE5722D006169B5 /* HistoryViewController.swift in Sources */ = {isa = PBXBuildFile; fileRef = 44B8DD971FE5722D006169B5 /* HistoryViewController.swift */; };
		44B8DD9B1FE5722D006169B5 /* Main.storyboard in Resources */ = {isa = PBXBuildFile; fileRef = 44B8DD991FE5722D006169B5 /* Main.storyboard */; };
		44B8DD9D1FE5722D006169B5 /* Assets.xcassets in Resources */ = {isa = PBXBuildFile; fileRef = 44B8DD9C1FE5722D006169B5 /* Assets.xcassets */; };
		44B8DDA01FE5722D006169B5 /* LaunchScreen.storyboard in Resources */ = {isa = PBXBuildFile; fileRef = 44B8DD9E1FE5722D006169B5 /* LaunchScreen.storyboard */; };
		44B8DDCA1FE58494006169B5 /* StatKeeper_Dice.xcdatamodeld in Sources */ = {isa = PBXBuildFile; fileRef = 44B8DDC81FE58494006169B5 /* StatKeeper_Dice.xcdatamodeld */; };
		44B8DDCC1FE6AF8E006169B5 /* TrendsViewController.swift in Sources */ = {isa = PBXBuildFile; fileRef = 44B8DDCB1FE6AF8E006169B5 /* TrendsViewController.swift */; };
		44B8DDCE1FE6AFED006169B5 /* SettingsViewController.swift in Sources */ = {isa = PBXBuildFile; fileRef = 44B8DDCD1FE6AFED006169B5 /* SettingsViewController.swift */; };
		44D16B821FE72DF700432345 /* ARoll.swift in Sources */ = {isa = PBXBuildFile; fileRef = 44D16B811FE72DF700432345 /* ARoll.swift */; };
		44D5FE241FE9D0DF00F8A9A6 /* CustomTableViewCell.swift in Sources */ = {isa = PBXBuildFile; fileRef = 44D5FE231FE9D0DF00F8A9A6 /* CustomTableViewCell.swift */; };
/* End PBXBuildFile section */

/* Begin PBXContainerItemProxy section */
		444ABF2E240C0FC500BD034E /* PBXContainerItemProxy */ = {
			isa = PBXContainerItemProxy;
			containerPortal = 444ABF29240C0FC400BD034E /* Charts.xcodeproj */;
			proxyType = 2;
			remoteGlobalIDString = 65AD9E95D9ED4DC0BD73A743;
			remoteInfo = Charts;
		};
		444ABF30240C0FC500BD034E /* PBXContainerItemProxy */ = {
			isa = PBXContainerItemProxy;
			containerPortal = 444ABF29240C0FC400BD034E /* Charts.xcodeproj */;
			proxyType = 2;
			remoteGlobalIDString = 1CBBC58C6CE1EBEE9852CE41;
			remoteInfo = ChartsTests;
		};
/* End PBXContainerItemProxy section */

/* Begin PBXCopyFilesBuildPhase section */
		44D9E91C22AD511900A91044 /* Embed Frameworks */ = {
			isa = PBXCopyFilesBuildPhase;
			buildActionMask = 2147483647;
			dstPath = "";
			dstSubfolderSpec = 10;
			files = (
				444ABF33240C0FDF00BD034E /* Charts.framework in Embed Frameworks */,
			);
			name = "Embed Frameworks";
			runOnlyForDeploymentPostprocessing = 0;
		};
/* End PBXCopyFilesBuildPhase section */

/* Begin PBXFileReference section */
		444626AE2091F9AE0092C5AD /* Charts.framework */ = {isa = PBXFileReference; explicitFileType = wrapper.framework; path = Charts.framework; sourceTree = BUILT_PRODUCTS_DIR; };
		444ABF29240C0FC400BD034E /* Charts.xcodeproj */ = {isa = PBXFileReference; lastKnownFileType = "wrapper.pb-project"; name = Charts.xcodeproj; path = "../../../Charts-3.4/Charts.xcodeproj"; sourceTree = "<group>"; };
		44836A6C1FF17E6D00F731DC /* Utils.swift */ = {isa = PBXFileReference; lastKnownFileType = sourcecode.swift; path = Utils.swift; sourceTree = "<group>"; };
		449A2B0F201E25BD00F5F9BB /* Model 2.xcdatamodel */ = {isa = PBXFileReference; lastKnownFileType = wrapper.xcdatamodel; path = "Model 2.xcdatamodel"; sourceTree = "<group>"; };
		44B8DD901FE5722C006169B5 /* StatKeeper Dice.app */ = {isa = PBXFileReference; explicitFileType = wrapper.application; includeInIndex = 0; path = "StatKeeper Dice.app"; sourceTree = BUILT_PRODUCTS_DIR; };
		44B8DD931FE5722D006169B5 /* AppDelegate.swift */ = {isa = PBXFileReference; lastKnownFileType = sourcecode.swift; path = AppDelegate.swift; sourceTree = "<group>"; };
		44B8DD951FE5722D006169B5 /* RollViewController.swift */ = {isa = PBXFileReference; lastKnownFileType = sourcecode.swift; path = RollViewController.swift; sourceTree = "<group>"; };
		44B8DD971FE5722D006169B5 /* HistoryViewController.swift */ = {isa = PBXFileReference; lastKnownFileType = sourcecode.swift; path = HistoryViewController.swift; sourceTree = "<group>"; };
		44B8DD9A1FE5722D006169B5 /* Base */ = {isa = PBXFileReference; lastKnownFileType = file.storyboard; name = Base; path = Base.lproj/Main.storyboard; sourceTree = "<group>"; };
		44B8DD9C1FE5722D006169B5 /* Assets.xcassets */ = {isa = PBXFileReference; lastKnownFileType = folder.assetcatalog; path = Assets.xcassets; sourceTree = "<group>"; };
		44B8DD9F1FE5722D006169B5 /* Base */ = {isa = PBXFileReference; lastKnownFileType = file.storyboard; name = Base; path = Base.lproj/LaunchScreen.storyboard; sourceTree = "<group>"; };
		44B8DDA11FE5722D006169B5 /* Info.plist */ = {isa = PBXFileReference; lastKnownFileType = text.plist.xml; path = Info.plist; sourceTree = "<group>"; };
		44B8DDC91FE58494006169B5 /* Model.xcdatamodel */ = {isa = PBXFileReference; lastKnownFileType = wrapper.xcdatamodel; path = Model.xcdatamodel; sourceTree = "<group>"; };
		44B8DDCB1FE6AF8E006169B5 /* TrendsViewController.swift */ = {isa = PBXFileReference; lastKnownFileType = sourcecode.swift; path = TrendsViewController.swift; sourceTree = "<group>"; };
		44B8DDCD1FE6AFED006169B5 /* SettingsViewController.swift */ = {isa = PBXFileReference; lastKnownFileType = sourcecode.swift; path = SettingsViewController.swift; sourceTree = "<group>"; };
		44D16B811FE72DF700432345 /* ARoll.swift */ = {isa = PBXFileReference; lastKnownFileType = sourcecode.swift; path = ARoll.swift; sourceTree = "<group>"; };
		44D5FE231FE9D0DF00F8A9A6 /* CustomTableViewCell.swift */ = {isa = PBXFileReference; lastKnownFileType = sourcecode.swift; path = CustomTableViewCell.swift; sourceTree = "<group>"; };
/* End PBXFileReference section */

/* Begin PBXFrameworksBuildPhase section */
		44B8DD8D1FE5722C006169B5 /* Frameworks */ = {
			isa = PBXFrameworksBuildPhase;
			buildActionMask = 2147483647;
			files = (
				444ABF32240C0FDF00BD034E /* Charts.framework in Frameworks */,
			);
			runOnlyForDeploymentPostprocessing = 0;
		};
/* End PBXFrameworksBuildPhase section */

/* Begin PBXGroup section */
		444626AD2091F9AE0092C5AD /* Frameworks */ = {
			isa = PBXGroup;
			children = (
				444626AE2091F9AE0092C5AD /* Charts.framework */,
			);
			name = Frameworks;
			sourceTree = "<group>";
		};
		444ABF2A240C0FC400BD034E /* Products */ = {
			isa = PBXGroup;
			children = (
				444ABF2F240C0FC500BD034E /* Charts.framework */,
				444ABF31240C0FC500BD034E /* ChartsTests.xctest */,
			);
			name = Products;
			sourceTree = "<group>";
		};
		44B8DD871FE5722C006169B5 = {
			isa = PBXGroup;
			children = (
				444ABF29240C0FC400BD034E /* Charts.xcodeproj */,
				44B8DD921FE5722C006169B5 /* StatKeeper Dice */,
				44B8DD911FE5722C006169B5 /* Products */,
				444626AD2091F9AE0092C5AD /* Frameworks */,
			);
			sourceTree = "<group>";
		};
		44B8DD911FE5722C006169B5 /* Products */ = {
			isa = PBXGroup;
			children = (
				44B8DD901FE5722C006169B5 /* StatKeeper Dice.app */,
			);
			name = Products;
			sourceTree = "<group>";
		};
		44B8DD921FE5722C006169B5 /* StatKeeper Dice */ = {
			isa = PBXGroup;
			children = (
				44B8DD931FE5722D006169B5 /* AppDelegate.swift */,
				44B8DD971FE5722D006169B5 /* HistoryViewController.swift */,
				44B8DD951FE5722D006169B5 /* RollViewController.swift */,
				44836A6C1FF17E6D00F731DC /* Utils.swift */,
				44D16B811FE72DF700432345 /* ARoll.swift */,
				44B8DDCD1FE6AFED006169B5 /* SettingsViewController.swift */,
				44B8DDCB1FE6AF8E006169B5 /* TrendsViewController.swift */,
				44D5FE231FE9D0DF00F8A9A6 /* CustomTableViewCell.swift */,
				44B8DD9C1FE5722D006169B5 /* Assets.xcassets */,
				44B8DD991FE5722D006169B5 /* Main.storyboard */,
				44B8DD9E1FE5722D006169B5 /* LaunchScreen.storyboard */,
				44B8DDC81FE58494006169B5 /* StatKeeper_Dice.xcdatamodeld */,
				44B8DDA11FE5722D006169B5 /* Info.plist */,
			);
			path = "StatKeeper Dice";
			sourceTree = "<group>";
		};
/* End PBXGroup section */

/* Begin PBXNativeTarget section */
		44B8DD8F1FE5722C006169B5 /* StatKeeper Dice */ = {
			isa = PBXNativeTarget;
			buildConfigurationList = 44B8DDA41FE5722D006169B5 /* Build configuration list for PBXNativeTarget "StatKeeper Dice" */;
			buildPhases = (
				44B8DD8C1FE5722C006169B5 /* Sources */,
				44B8DD8D1FE5722C006169B5 /* Frameworks */,
				44B8DD8E1FE5722C006169B5 /* Resources */,
				44D9E91C22AD511900A91044 /* Embed Frameworks */,
			);
			buildRules = (
			);
			dependencies = (
			);
			name = "StatKeeper Dice";
			productName = "StatKeeper Dice";
			productReference = 44B8DD901FE5722C006169B5 /* StatKeeper Dice.app */;
			productType = "com.apple.product-type.application";
		};
/* End PBXNativeTarget section */

/* Begin PBXProject section */
		44B8DD881FE5722C006169B5 /* Project object */ = {
			isa = PBXProject;
			attributes = {
				LastSwiftUpdateCheck = 0920;
				LastUpgradeCheck = 0930;
				ORGANIZATIONNAME = "Kerbink Software";
				TargetAttributes = {
					44B8DD8F1FE5722C006169B5 = {
						CreatedOnToolsVersion = 9.2;
						LastSwiftMigration = 1020;
						ProvisioningStyle = Automatic;
					};
				};
			};
			buildConfigurationList = 44B8DD8B1FE5722C006169B5 /* Build configuration list for PBXProject "StatKeeper Dice" */;
			compatibilityVersion = "Xcode 8.0";
			developmentRegion = en;
			hasScannedForEncodings = 0;
			knownRegions = (
				en,
				Base,
			);
			mainGroup = 44B8DD871FE5722C006169B5;
			productRefGroup = 44B8DD911FE5722C006169B5 /* Products */;
			projectDirPath = "";
			projectReferences = (
				{
					ProductGroup = 444ABF2A240C0FC400BD034E /* Products */;
					ProjectRef = 444ABF29240C0FC400BD034E /* Charts.xcodeproj */;
				},
			);
			projectRoot = "";
			targets = (
				44B8DD8F1FE5722C006169B5 /* StatKeeper Dice */,
			);
		};
/* End PBXProject section */

/* Begin PBXReferenceProxy section */
		444ABF2F240C0FC500BD034E /* Charts.framework */ = {
			isa = PBXReferenceProxy;
			fileType = wrapper.framework;
			path = Charts.framework;
			remoteRef = 444ABF2E240C0FC500BD034E /* PBXContainerItemProxy */;
			sourceTree = BUILT_PRODUCTS_DIR;
		};
		444ABF31240C0FC500BD034E /* ChartsTests.xctest */ = {
			isa = PBXReferenceProxy;
			fileType = wrapper.cfbundle;
			path = ChartsTests.xctest;
			remoteRef = 444ABF30240C0FC500BD034E /* PBXContainerItemProxy */;
			sourceTree = BUILT_PRODUCTS_DIR;
		};
/* End PBXReferenceProxy section */

/* Begin PBXResourcesBuildPhase section */
		44B8DD8E1FE5722C006169B5 /* Resources */ = {
			isa = PBXResourcesBuildPhase;
			buildActionMask = 2147483647;
			files = (
				44B8DDA01FE5722D006169B5 /* LaunchScreen.storyboard in Resources */,
				44B8DD9D1FE5722D006169B5 /* Assets.xcassets in Resources */,
				44B8DD9B1FE5722D006169B5 /* Main.storyboard in Resources */,
			);
			runOnlyForDeploymentPostprocessing = 0;
		};
/* End PBXResourcesBuildPhase section */

/* Begin PBXSourcesBuildPhase section */
		44B8DD8C1FE5722C006169B5 /* Sources */ = {
			isa = PBXSourcesBuildPhase;
			buildActionMask = 2147483647;
			files = (
				44B8DD981FE5722D006169B5 /* HistoryViewController.swift in Sources */,
				44D16B821FE72DF700432345 /* ARoll.swift in Sources */,
				44836A6D1FF17E6D00F731DC /* Utils.swift in Sources */,
				44D5FE241FE9D0DF00F8A9A6 /* CustomTableViewCell.swift in Sources */,
				44B8DD941FE5722D006169B5 /* AppDelegate.swift in Sources */,
				44B8DD961FE5722D006169B5 /* RollViewController.swift in Sources */,
				44B8DDCC1FE6AF8E006169B5 /* TrendsViewController.swift in Sources */,
				44B8DDCA1FE58494006169B5 /* StatKeeper_Dice.xcdatamodeld in Sources */,
				44B8DDCE1FE6AFED006169B5 /* SettingsViewController.swift in Sources */,
			);
			runOnlyForDeploymentPostprocessing = 0;
		};
/* End PBXSourcesBuildPhase section */

/* Begin PBXVariantGroup section */
		44B8DD991FE5722D006169B5 /* Main.storyboard */ = {
			isa = PBXVariantGroup;
			children = (
				44B8DD9A1FE5722D006169B5 /* Base */,
			);
			name = Main.storyboard;
			sourceTree = "<group>";
		};
		44B8DD9E1FE5722D006169B5 /* LaunchScreen.storyboard */ = {
			isa = PBXVariantGroup;
			children = (
				44B8DD9F1FE5722D006169B5 /* Base */,
			);
			name = LaunchScreen.storyboard;
			sourceTree = "<group>";
		};
/* End PBXVariantGroup section */

/* Begin XCBuildConfiguration section */
		44B8DDA21FE5722D006169B5 /* Debug */ = {
			isa = XCBuildConfiguration;
			buildSettings = {
				ALWAYS_SEARCH_USER_PATHS = NO;
				CLANG_ANALYZER_NONNULL = YES;
				CLANG_ANALYZER_NUMBER_OBJECT_CONVERSION = YES_AGGRESSIVE;
				CLANG_CXX_LANGUAGE_STANDARD = "gnu++14";
				CLANG_CXX_LIBRARY = "libc++";
				CLANG_ENABLE_MODULES = YES;
				CLANG_ENABLE_OBJC_ARC = YES;
				CLANG_WARN_BLOCK_CAPTURE_AUTORELEASING = YES;
				CLANG_WARN_BOOL_CONVERSION = YES;
				CLANG_WARN_COMMA = YES;
				CLANG_WARN_CONSTANT_CONVERSION = YES;
				CLANG_WARN_DEPRECATED_OBJC_IMPLEMENTATIONS = YES;
				CLANG_WARN_DIRECT_OBJC_ISA_USAGE = YES_ERROR;
				CLANG_WARN_DOCUMENTATION_COMMENTS = YES;
				CLANG_WARN_EMPTY_BODY = YES;
				CLANG_WARN_ENUM_CONVERSION = YES;
				CLANG_WARN_INFINITE_RECURSION = YES;
				CLANG_WARN_INT_CONVERSION = YES;
				CLANG_WARN_NON_LITERAL_NULL_CONVERSION = YES;
				CLANG_WARN_OBJC_IMPLICIT_RETAIN_SELF = YES;
				CLANG_WARN_OBJC_LITERAL_CONVERSION = YES;
				CLANG_WARN_OBJC_ROOT_CLASS = YES_ERROR;
				CLANG_WARN_RANGE_LOOP_ANALYSIS = YES;
				CLANG_WARN_STRICT_PROTOTYPES = YES;
				CLANG_WARN_SUSPICIOUS_MOVE = YES;
				CLANG_WARN_UNGUARDED_AVAILABILITY = YES_AGGRESSIVE;
				CLANG_WARN_UNREACHABLE_CODE = YES;
				CLANG_WARN__DUPLICATE_METHOD_MATCH = YES;
				CODE_SIGN_IDENTITY = "iPhone Developer";
				COPY_PHASE_STRIP = NO;
				DEBUG_INFORMATION_FORMAT = dwarf;
				ENABLE_STRICT_OBJC_MSGSEND = YES;
				ENABLE_TESTABILITY = YES;
				GCC_C_LANGUAGE_STANDARD = gnu11;
				GCC_DYNAMIC_NO_PIC = NO;
				GCC_NO_COMMON_BLOCKS = YES;
				GCC_OPTIMIZATION_LEVEL = 0;
				GCC_PREPROCESSOR_DEFINITIONS = (
					"DEBUG=1",
					"$(inherited)",
				);
				GCC_WARN_64_TO_32_BIT_CONVERSION = YES;
				GCC_WARN_ABOUT_RETURN_TYPE = YES_ERROR;
				GCC_WARN_UNDECLARED_SELECTOR = YES;
				GCC_WARN_UNINITIALIZED_AUTOS = YES_AGGRESSIVE;
				GCC_WARN_UNUSED_FUNCTION = YES;
				GCC_WARN_UNUSED_VARIABLE = YES;
				IPHONEOS_DEPLOYMENT_TARGET = 11.2;
				MTL_ENABLE_DEBUG_INFO = YES;
				ONLY_ACTIVE_ARCH = YES;
				SDKROOT = iphoneos;
				SWIFT_ACTIVE_COMPILATION_CONDITIONS = DEBUG;
				SWIFT_OPTIMIZATION_LEVEL = "-Onone";
			};
			name = Debug;
		};
		44B8DDA31FE5722D006169B5 /* Release */ = {
			isa = XCBuildConfiguration;
			buildSettings = {
				ALWAYS_SEARCH_USER_PATHS = NO;
				CLANG_ANALYZER_NONNULL = YES;
				CLANG_ANALYZER_NUMBER_OBJECT_CONVERSION = YES_AGGRESSIVE;
				CLANG_CXX_LANGUAGE_STANDARD = "gnu++14";
				CLANG_CXX_LIBRARY = "libc++";
				CLANG_ENABLE_MODULES = YES;
				CLANG_ENABLE_OBJC_ARC = YES;
				CLANG_WARN_BLOCK_CAPTURE_AUTORELEASING = YES;
				CLANG_WARN_BOOL_CONVERSION = YES;
				CLANG_WARN_COMMA = YES;
				CLANG_WARN_CONSTANT_CONVERSION = YES;
				CLANG_WARN_DEPRECATED_OBJC_IMPLEMENTATIONS = YES;
				CLANG_WARN_DIRECT_OBJC_ISA_USAGE = YES_ERROR;
				CLANG_WARN_DOCUMENTATION_COMMENTS = YES;
				CLANG_WARN_EMPTY_BODY = YES;
				CLANG_WARN_ENUM_CONVERSION = YES;
				CLANG_WARN_INFINITE_RECURSION = YES;
				CLANG_WARN_INT_CONVERSION = YES;
				CLANG_WARN_NON_LITERAL_NULL_CONVERSION = YES;
				CLANG_WARN_OBJC_IMPLICIT_RETAIN_SELF = YES;
				CLANG_WARN_OBJC_LITERAL_CONVERSION = YES;
				CLANG_WARN_OBJC_ROOT_CLASS = YES_ERROR;
				CLANG_WARN_RANGE_LOOP_ANALYSIS = YES;
				CLANG_WARN_STRICT_PROTOTYPES = YES;
				CLANG_WARN_SUSPICIOUS_MOVE = YES;
				CLANG_WARN_UNGUARDED_AVAILABILITY = YES_AGGRESSIVE;
				CLANG_WARN_UNREACHABLE_CODE = YES;
				CLANG_WARN__DUPLICATE_METHOD_MATCH = YES;
				CODE_SIGN_IDENTITY = "iPhone Developer";
				COPY_PHASE_STRIP = NO;
				DEBUG_INFORMATION_FORMAT = "dwarf-with-dsym";
				ENABLE_NS_ASSERTIONS = NO;
				ENABLE_STRICT_OBJC_MSGSEND = YES;
				GCC_C_LANGUAGE_STANDARD = gnu11;
				GCC_NO_COMMON_BLOCKS = YES;
				GCC_WARN_64_TO_32_BIT_CONVERSION = YES;
				GCC_WARN_ABOUT_RETURN_TYPE = YES_ERROR;
				GCC_WARN_UNDECLARED_SELECTOR = YES;
				GCC_WARN_UNINITIALIZED_AUTOS = YES_AGGRESSIVE;
				GCC_WARN_UNUSED_FUNCTION = YES;
				GCC_WARN_UNUSED_VARIABLE = YES;
				IPHONEOS_DEPLOYMENT_TARGET = 11.2;
				MTL_ENABLE_DEBUG_INFO = NO;
				SDKROOT = iphoneos;
				SWIFT_OPTIMIZATION_LEVEL = "-Owholemodule";
				VALIDATE_PRODUCT = YES;
			};
			name = Release;
		};
		44B8DDA51FE5722D006169B5 /* Debug */ = {
			isa = XCBuildConfiguration;
			buildSettings = {
				ALWAYS_EMBED_SWIFT_STANDARD_LIBRARIES = YES;
				ASSETCATALOG_COMPILER_APPICON_NAME = AppIcon;
				"CODE_SIGN_IDENTITY[sdk=iphoneos*]" = "iPhone Developer";
				CODE_SIGN_STYLE = Automatic;
				CURRENT_PROJECT_VERSION = 15;
				DEBUG_INFORMATION_FORMAT = "dwarf-with-dsym";
				DEVELOPMENT_TEAM = VHYVYEQN52;
				INFOPLIST_FILE = "StatKeeper Dice/Info.plist";
				LD_RUNPATH_SEARCH_PATHS = "$(inherited) @executable_path/Frameworks";
				MARKETING_VERSION = 1.7;
				PRODUCT_BUNDLE_IDENTIFIER = "Kerbink-Software.StatKeeper-Dice";
				PRODUCT_NAME = "$(TARGET_NAME)";
				PROVISIONING_PROFILE_SPECIFIER = "";
				SWIFT_VERSION = 5.0;
				TARGETED_DEVICE_FAMILY = "1,2";
			};
			name = Debug;
		};
		44B8DDA61FE5722D006169B5 /* Release */ = {
			isa = XCBuildConfiguration;
			buildSettings = {
				ALWAYS_EMBED_SWIFT_STANDARD_LIBRARIES = YES;
				ASSETCATALOG_COMPILER_APPICON_NAME = AppIcon;
				"CODE_SIGN_IDENTITY[sdk=iphoneos*]" = "iPhone Developer";
				CODE_SIGN_STYLE = Automatic;
				CURRENT_PROJECT_VERSION = 15;
				DEVELOPMENT_TEAM = VHYVYEQN52;
				INFOPLIST_FILE = "StatKeeper Dice/Info.plist";
				LD_RUNPATH_SEARCH_PATHS = "$(inherited) @executable_path/Frameworks";
				MARKETING_VERSION = 1.7;
				PRODUCT_BUNDLE_IDENTIFIER = "Kerbink-Software.StatKeeper-Dice";
				PRODUCT_NAME = "$(TARGET_NAME)";
				PROVISIONING_PROFILE_SPECIFIER = "";
				SWIFT_VERSION = 5.0;
				TARGETED_DEVICE_FAMILY = "1,2";
			};
			name = Release;
		};
/* End XCBuildConfiguration section */

/* Begin XCConfigurationList section */
		44B8DD8B1FE5722C006169B5 /* Build configuration list for PBXProject "StatKeeper Dice" */ = {
			isa = XCConfigurationList;
			buildConfigurations = (
				44B8DDA21FE5722D006169B5 /* Debug */,
				44B8DDA31FE5722D006169B5 /* Release */,
			);
			defaultConfigurationIsVisible = 0;
			defaultConfigurationName = Release;
		};
		44B8DDA41FE5722D006169B5 /* Build configuration list for PBXNativeTarget "StatKeeper Dice" */ = {
			isa = XCConfigurationList;
			buildConfigurations = (
				44B8DDA51FE5722D006169B5 /* Debug */,
				44B8DDA61FE5722D006169B5 /* Release */,
			);
			defaultConfigurationIsVisible = 0;
			defaultConfigurationName = Release;
		};
/* End XCConfigurationList section */

/* Begin XCVersionGroup section */
		44B8DDC81FE58494006169B5 /* StatKeeper_Dice.xcdatamodeld */ = {
			isa = XCVersionGroup;
			children = (
				449A2B0F201E25BD00F5F9BB /* Model 2.xcdatamodel */,
				44B8DDC91FE58494006169B5 /* Model.xcdatamodel */,
			);
			currentVersion = 449A2B0F201E25BD00F5F9BB /* Model 2.xcdatamodel */;
			path = StatKeeper_Dice.xcdatamodeld;
			sourceTree = "<group>";
			versionGroupType = wrapper.xcdatamodel;
		};
/* End XCVersionGroup section */
	};
	rootObject = 44B8DD881FE5722C006169B5 /* Project object */;
}
